// !$*UTF8*$!
{
	archiveVersion = 1;
	classes = {
	};
	objectVersion = 50;
	objects = {

/* Begin PBXBuildFile section */
		A40583CB20DFE064005F960A /* HTTPConnectable.framework in Frameworks */ = {isa = PBXBuildFile; fileRef = A40583C120DFE064005F960A /* HTTPConnectable.framework */; };
		A40583D020DFE064005F960A /* HTTPConnectableTests.swift in Sources */ = {isa = PBXBuildFile; fileRef = A40583CF20DFE064005F960A /* HTTPConnectableTests.swift */; };
		A40583D220DFE064005F960A /* HTTPConnectable.h in Headers */ = {isa = PBXBuildFile; fileRef = A40583C420DFE064005F960A /* HTTPConnectable.h */; settings = {ATTRIBUTES = (Public, ); }; };
		A40583E720DFE081005F960A /* ErrorCodeResponse.swift in Sources */ = {isa = PBXBuildFile; fileRef = A40583DC20DFE081005F960A /* ErrorCodeResponse.swift */; };
		A40583E820DFE081005F960A /* NetworkError.swift in Sources */ = {isa = PBXBuildFile; fileRef = A40583DD20DFE081005F960A /* NetworkError.swift */; };
		A40583E920DFE081005F960A /* Dictionary+QueryString.swift in Sources */ = {isa = PBXBuildFile; fileRef = A40583DF20DFE081005F960A /* Dictionary+QueryString.swift */; };
		A40583EB20DFE081005F960A /* HTTPConnectable.swift in Sources */ = {isa = PBXBuildFile; fileRef = A40583E220DFE081005F960A /* HTTPConnectable.swift */; };
		A40583EC20DFE081005F960A /* HTTPConnectableErrorBox.swift in Sources */ = {isa = PBXBuildFile; fileRef = A40583E320DFE081005F960A /* HTTPConnectableErrorBox.swift */; };
		A40583ED20DFE081005F960A /* HTTPConnectable+Methods.swift in Sources */ = {isa = PBXBuildFile; fileRef = A40583E420DFE081005F960A /* HTTPConnectable+Methods.swift */; };
		A40583EE20DFE081005F960A /* HTTPConnectable+Transmit.swift in Sources */ = {isa = PBXBuildFile; fileRef = A40583E520DFE081005F960A /* HTTPConnectable+Transmit.swift */; };
		A40583EF20DFE081005F960A /* JSON.swift in Sources */ = {isa = PBXBuildFile; fileRef = A40583E620DFE081005F960A /* JSON.swift */; };
		A44122AC20E14AE400AF28FC /* HTTPConnectable+Transmit(Helpers).swift in Sources */ = {isa = PBXBuildFile; fileRef = A44122AB20E14AE400AF28FC /* HTTPConnectable+Transmit(Helpers).swift */; };
/* End PBXBuildFile section */

/* Begin PBXContainerItemProxy section */
		A40583CC20DFE064005F960A /* PBXContainerItemProxy */ = {
			isa = PBXContainerItemProxy;
			containerPortal = A40583B820DFE064005F960A /* Project object */;
			proxyType = 1;
			remoteGlobalIDString = A40583C020DFE064005F960A;
			remoteInfo = HTTPConnectable;
		};
/* End PBXContainerItemProxy section */

/* Begin PBXFileReference section */
		A40583C120DFE064005F960A /* HTTPConnectable.framework */ = {isa = PBXFileReference; explicitFileType = wrapper.framework; includeInIndex = 0; path = HTTPConnectable.framework; sourceTree = BUILT_PRODUCTS_DIR; };
		A40583C420DFE064005F960A /* HTTPConnectable.h */ = {isa = PBXFileReference; lastKnownFileType = sourcecode.c.h; path = HTTPConnectable.h; sourceTree = "<group>"; };
		A40583C520DFE064005F960A /* Info.plist */ = {isa = PBXFileReference; lastKnownFileType = text.plist.xml; path = Info.plist; sourceTree = "<group>"; };
		A40583CA20DFE064005F960A /* HTTPConnectableTests.xctest */ = {isa = PBXFileReference; explicitFileType = wrapper.cfbundle; includeInIndex = 0; path = HTTPConnectableTests.xctest; sourceTree = BUILT_PRODUCTS_DIR; };
		A40583CF20DFE064005F960A /* HTTPConnectableTests.swift */ = {isa = PBXFileReference; lastKnownFileType = sourcecode.swift; path = HTTPConnectableTests.swift; sourceTree = "<group>"; };
		A40583D120DFE064005F960A /* Info.plist */ = {isa = PBXFileReference; lastKnownFileType = text.plist.xml; path = Info.plist; sourceTree = "<group>"; };
		A40583DC20DFE081005F960A /* ErrorCodeResponse.swift */ = {isa = PBXFileReference; fileEncoding = 4; lastKnownFileType = sourcecode.swift; path = ErrorCodeResponse.swift; sourceTree = "<group>"; };
		A40583DD20DFE081005F960A /* NetworkError.swift */ = {isa = PBXFileReference; fileEncoding = 4; lastKnownFileType = sourcecode.swift; path = NetworkError.swift; sourceTree = "<group>"; };
		A40583DF20DFE081005F960A /* Dictionary+QueryString.swift */ = {isa = PBXFileReference; fileEncoding = 4; lastKnownFileType = sourcecode.swift; path = "Dictionary+QueryString.swift"; sourceTree = "<group>"; };
		A40583E220DFE081005F960A /* HTTPConnectable.swift */ = {isa = PBXFileReference; fileEncoding = 4; lastKnownFileType = sourcecode.swift; path = HTTPConnectable.swift; sourceTree = "<group>"; };
		A40583E320DFE081005F960A /* HTTPConnectableErrorBox.swift */ = {isa = PBXFileReference; fileEncoding = 4; lastKnownFileType = sourcecode.swift; path = HTTPConnectableErrorBox.swift; sourceTree = "<group>"; };
		A40583E420DFE081005F960A /* HTTPConnectable+Methods.swift */ = {isa = PBXFileReference; fileEncoding = 4; lastKnownFileType = sourcecode.swift; path = "HTTPConnectable+Methods.swift"; sourceTree = "<group>"; };
		A40583E520DFE081005F960A /* HTTPConnectable+Transmit.swift */ = {isa = PBXFileReference; fileEncoding = 4; lastKnownFileType = sourcecode.swift; path = "HTTPConnectable+Transmit.swift"; sourceTree = "<group>"; };
		A40583E620DFE081005F960A /* JSON.swift */ = {isa = PBXFileReference; fileEncoding = 4; lastKnownFileType = sourcecode.swift; path = JSON.swift; sourceTree = "<group>"; };
		A44122AB20E14AE400AF28FC /* HTTPConnectable+Transmit(Helpers).swift */ = {isa = PBXFileReference; lastKnownFileType = sourcecode.swift; path = "HTTPConnectable+Transmit(Helpers).swift"; sourceTree = "<group>"; };
/* End PBXFileReference section */

/* Begin PBXFrameworksBuildPhase section */
		A40583BE20DFE064005F960A /* Frameworks */ = {
			isa = PBXFrameworksBuildPhase;
			buildActionMask = 2147483647;
			files = (
			);
			runOnlyForDeploymentPostprocessing = 0;
		};
		A40583C720DFE064005F960A /* Frameworks */ = {
			isa = PBXFrameworksBuildPhase;
			buildActionMask = 2147483647;
			files = (
				A40583CB20DFE064005F960A /* HTTPConnectable.framework in Frameworks */,
			);
			runOnlyForDeploymentPostprocessing = 0;
		};
/* End PBXFrameworksBuildPhase section */

/* Begin PBXGroup section */
		A40583B720DFE064005F960A = {
			isa = PBXGroup;
			children = (
				A40583C320DFE064005F960A /* HTTPConnectable */,
				A40583CE20DFE064005F960A /* HTTPConnectableTests */,
				A40583C220DFE064005F960A /* Products */,
			);
			sourceTree = "<group>";
		};
		A40583C220DFE064005F960A /* Products */ = {
			isa = PBXGroup;
			children = (
				A40583C120DFE064005F960A /* HTTPConnectable.framework */,
				A40583CA20DFE064005F960A /* HTTPConnectableTests.xctest */,
			);
			name = Products;
			sourceTree = "<group>";
		};
		A40583C320DFE064005F960A /* HTTPConnectable */ = {
			isa = PBXGroup;
			children = (
				A40583E120DFE081005F960A /* Connectable */,
				A40583DB20DFE081005F960A /* Error */,
				A40583DE20DFE081005F960A /* Extensions */,
				A40583DD20DFE081005F960A /* NetworkError.swift */,
				A40583C420DFE064005F960A /* HTTPConnectable.h */,
				A40583C520DFE064005F960A /* Info.plist */,
			);
			path = HTTPConnectable;
			sourceTree = "<group>";
		};
		A40583CE20DFE064005F960A /* HTTPConnectableTests */ = {
			isa = PBXGroup;
			children = (
				A40583CF20DFE064005F960A /* HTTPConnectableTests.swift */,
				A40583D120DFE064005F960A /* Info.plist */,
			);
			path = HTTPConnectableTests;
			sourceTree = "<group>";
		};
		A40583DB20DFE081005F960A /* Error */ = {
			isa = PBXGroup;
			children = (
				A40583DC20DFE081005F960A /* ErrorCodeResponse.swift */,
			);
			path = Error;
			sourceTree = "<group>";
		};
		A40583DE20DFE081005F960A /* Extensions */ = {
			isa = PBXGroup;
			children = (
				A40583DF20DFE081005F960A /* Dictionary+QueryString.swift */,
			);
			path = Extensions;
			sourceTree = "<group>";
		};
		A40583E120DFE081005F960A /* Connectable */ = {
			isa = PBXGroup;
			children = (
				A40583E220DFE081005F960A /* HTTPConnectable.swift */,
				A40583E420DFE081005F960A /* HTTPConnectable+Methods.swift */,
				A40583E320DFE081005F960A /* HTTPConnectableErrorBox.swift */,
				A40583E520DFE081005F960A /* HTTPConnectable+Transmit.swift */,
				A44122AB20E14AE400AF28FC /* HTTPConnectable+Transmit(Helpers).swift */,
				A40583E620DFE081005F960A /* JSON.swift */,
			);
			path = Connectable;
			sourceTree = "<group>";
		};
/* End PBXGroup section */

/* Begin PBXHeadersBuildPhase section */
		A40583BC20DFE064005F960A /* Headers */ = {
			isa = PBXHeadersBuildPhase;
			buildActionMask = 2147483647;
			files = (
				A40583D220DFE064005F960A /* HTTPConnectable.h in Headers */,
			);
			runOnlyForDeploymentPostprocessing = 0;
		};
/* End PBXHeadersBuildPhase section */

/* Begin PBXNativeTarget section */
		A40583C020DFE064005F960A /* HTTPConnectable */ = {
			isa = PBXNativeTarget;
			buildConfigurationList = A40583D520DFE064005F960A /* Build configuration list for PBXNativeTarget "HTTPConnectable" */;
			buildPhases = (
				A40583BC20DFE064005F960A /* Headers */,
				A40583BD20DFE064005F960A /* Sources */,
				A40583BE20DFE064005F960A /* Frameworks */,
				A40583BF20DFE064005F960A /* Resources */,
			);
			buildRules = (
			);
			dependencies = (
			);
			name = HTTPConnectable;
			productName = HTTPConnectable;
			productReference = A40583C120DFE064005F960A /* HTTPConnectable.framework */;
			productType = "com.apple.product-type.framework";
		};
		A40583C920DFE064005F960A /* HTTPConnectableTests */ = {
			isa = PBXNativeTarget;
			buildConfigurationList = A40583D820DFE064005F960A /* Build configuration list for PBXNativeTarget "HTTPConnectableTests" */;
			buildPhases = (
				A40583C620DFE064005F960A /* Sources */,
				A40583C720DFE064005F960A /* Frameworks */,
				A40583C820DFE064005F960A /* Resources */,
			);
			buildRules = (
			);
			dependencies = (
				A40583CD20DFE064005F960A /* PBXTargetDependency */,
			);
			name = HTTPConnectableTests;
			productName = HTTPConnectableTests;
			productReference = A40583CA20DFE064005F960A /* HTTPConnectableTests.xctest */;
			productType = "com.apple.product-type.bundle.unit-test";
		};
/* End PBXNativeTarget section */

/* Begin PBXProject section */
		A40583B820DFE064005F960A /* Project object */ = {
			isa = PBXProject;
			attributes = {
				LastSwiftUpdateCheck = 1000;
				LastUpgradeCheck = 1000;
				ORGANIZATIONNAME = RCCBox;
				TargetAttributes = {
					A40583C020DFE064005F960A = {
						CreatedOnToolsVersion = 10.0;
						LastSwiftMigration = 1000;
					};
					A40583C920DFE064005F960A = {
						CreatedOnToolsVersion = 10.0;
					};
				};
			};
			buildConfigurationList = A40583BB20DFE064005F960A /* Build configuration list for PBXProject "HTTPConnectable" */;
			compatibilityVersion = "Xcode 9.3";
			developmentRegion = en;
			hasScannedForEncodings = 0;
			knownRegions = (
				en,
			);
			mainGroup = A40583B720DFE064005F960A;
			productRefGroup = A40583C220DFE064005F960A /* Products */;
			projectDirPath = "";
			projectRoot = "";
			targets = (
				A40583C020DFE064005F960A /* HTTPConnectable */,
				A40583C920DFE064005F960A /* HTTPConnectableTests */,
			);
		};
/* End PBXProject section */

/* Begin PBXResourcesBuildPhase section */
		A40583BF20DFE064005F960A /* Resources */ = {
			isa = PBXResourcesBuildPhase;
			buildActionMask = 2147483647;
			files = (
			);
			runOnlyForDeploymentPostprocessing = 0;
		};
		A40583C820DFE064005F960A /* Resources */ = {
			isa = PBXResourcesBuildPhase;
			buildActionMask = 2147483647;
			files = (
			);
			runOnlyForDeploymentPostprocessing = 0;
		};
/* End PBXResourcesBuildPhase section */

/* Begin PBXSourcesBuildPhase section */
		A40583BD20DFE064005F960A /* Sources */ = {
			isa = PBXSourcesBuildPhase;
			buildActionMask = 2147483647;
			files = (
				A40583E720DFE081005F960A /* ErrorCodeResponse.swift in Sources */,
				A44122AC20E14AE400AF28FC /* HTTPConnectable+Transmit(Helpers).swift in Sources */,
				A40583ED20DFE081005F960A /* HTTPConnectable+Methods.swift in Sources */,
				A40583EC20DFE081005F960A /* HTTPConnectableErrorBox.swift in Sources */,
				A40583EF20DFE081005F960A /* JSON.swift in Sources */,
				A40583EB20DFE081005F960A /* HTTPConnectable.swift in Sources */,
				A40583EE20DFE081005F960A /* HTTPConnectable+Transmit.swift in Sources */,
				A40583E920DFE081005F960A /* Dictionary+QueryString.swift in Sources */,
				A40583E820DFE081005F960A /* NetworkError.swift in Sources */,
			);
			runOnlyForDeploymentPostprocessing = 0;
		};
		A40583C620DFE064005F960A /* Sources */ = {
			isa = PBXSourcesBuildPhase;
			buildActionMask = 2147483647;
			files = (
				A40583D020DFE064005F960A /* HTTPConnectableTests.swift in Sources */,
			);
			runOnlyForDeploymentPostprocessing = 0;
		};
/* End PBXSourcesBuildPhase section */

/* Begin PBXTargetDependency section */
		A40583CD20DFE064005F960A /* PBXTargetDependency */ = {
			isa = PBXTargetDependency;
			target = A40583C020DFE064005F960A /* HTTPConnectable */;
			targetProxy = A40583CC20DFE064005F960A /* PBXContainerItemProxy */;
		};
/* End PBXTargetDependency section */

/* Begin XCBuildConfiguration section */
		A40583D320DFE064005F960A /* Debug */ = {
			isa = XCBuildConfiguration;
			buildSettings = {
				ALWAYS_SEARCH_USER_PATHS = NO;
				CLANG_ANALYZER_NONNULL = YES;
				CLANG_ANALYZER_NUMBER_OBJECT_CONVERSION = YES_AGGRESSIVE;
				CLANG_CXX_LANGUAGE_STANDARD = "gnu++14";
				CLANG_CXX_LIBRARY = "libc++";
				CLANG_ENABLE_MODULES = YES;
				CLANG_ENABLE_OBJC_ARC = YES;
				CLANG_ENABLE_OBJC_WEAK = YES;
				CLANG_WARN_BLOCK_CAPTURE_AUTORELEASING = YES;
				CLANG_WARN_BOOL_CONVERSION = YES;
				CLANG_WARN_COMMA = YES;
				CLANG_WARN_CONSTANT_CONVERSION = YES;
				CLANG_WARN_DEPRECATED_OBJC_IMPLEMENTATIONS = YES;
				CLANG_WARN_DIRECT_OBJC_ISA_USAGE = YES_ERROR;
				CLANG_WARN_DOCUMENTATION_COMMENTS = YES;
				CLANG_WARN_EMPTY_BODY = YES;
				CLANG_WARN_ENUM_CONVERSION = YES;
				CLANG_WARN_INFINITE_RECURSION = YES;
				CLANG_WARN_INT_CONVERSION = YES;
				CLANG_WARN_NON_LITERAL_NULL_CONVERSION = YES;
				CLANG_WARN_OBJC_IMPLICIT_RETAIN_SELF = YES;
				CLANG_WARN_OBJC_LITERAL_CONVERSION = YES;
				CLANG_WARN_OBJC_ROOT_CLASS = YES_ERROR;
				CLANG_WARN_RANGE_LOOP_ANALYSIS = YES;
				CLANG_WARN_STRICT_PROTOTYPES = YES;
				CLANG_WARN_SUSPICIOUS_MOVE = YES;
				CLANG_WARN_UNGUARDED_AVAILABILITY = YES_AGGRESSIVE;
				CLANG_WARN_UNREACHABLE_CODE = YES;
				CLANG_WARN__DUPLICATE_METHOD_MATCH = YES;
				CODE_SIGN_IDENTITY = "iPhone Developer";
				COPY_PHASE_STRIP = NO;
				CURRENT_PROJECT_VERSION = 1;
				DEBUG_INFORMATION_FORMAT = dwarf;
				ENABLE_STRICT_OBJC_MSGSEND = YES;
				ENABLE_TESTABILITY = YES;
				GCC_C_LANGUAGE_STANDARD = gnu11;
				GCC_DYNAMIC_NO_PIC = NO;
				GCC_NO_COMMON_BLOCKS = YES;
				GCC_OPTIMIZATION_LEVEL = 0;
				GCC_PREPROCESSOR_DEFINITIONS = (
					"DEBUG=1",
					"$(inherited)",
				);
				GCC_WARN_64_TO_32_BIT_CONVERSION = YES;
				GCC_WARN_ABOUT_RETURN_TYPE = YES_ERROR;
				GCC_WARN_UNDECLARED_SELECTOR = YES;
				GCC_WARN_UNINITIALIZED_AUTOS = YES_AGGRESSIVE;
				GCC_WARN_UNUSED_FUNCTION = YES;
				GCC_WARN_UNUSED_VARIABLE = YES;
				IPHONEOS_DEPLOYMENT_TARGET = 12.0;
				MTL_ENABLE_DEBUG_INFO = INCLUDE_SOURCE;
				ONLY_ACTIVE_ARCH = YES;
				SDKROOT = iphoneos;
				SWIFT_ACTIVE_COMPILATION_CONDITIONS = DEBUG;
				SWIFT_OPTIMIZATION_LEVEL = "-Onone";
				VERSIONING_SYSTEM = "apple-generic";
				VERSION_INFO_PREFIX = "";
			};
			name = Debug;
		};
		A40583D420DFE064005F960A /* Release */ = {
			isa = XCBuildConfiguration;
			buildSettings = {
				ALWAYS_SEARCH_USER_PATHS = NO;
				CLANG_ANALYZER_NONNULL = YES;
				CLANG_ANALYZER_NUMBER_OBJECT_CONVERSION = YES_AGGRESSIVE;
				CLANG_CXX_LANGUAGE_STANDARD = "gnu++14";
				CLANG_CXX_LIBRARY = "libc++";
				CLANG_ENABLE_MODULES = YES;
				CLANG_ENABLE_OBJC_ARC = YES;
				CLANG_ENABLE_OBJC_WEAK = YES;
				CLANG_WARN_BLOCK_CAPTURE_AUTORELEASING = YES;
				CLANG_WARN_BOOL_CONVERSION = YES;
				CLANG_WARN_COMMA = YES;
				CLANG_WARN_CONSTANT_CONVERSION = YES;
				CLANG_WARN_DEPRECATED_OBJC_IMPLEMENTATIONS = YES;
				CLANG_WARN_DIRECT_OBJC_ISA_USAGE = YES_ERROR;
				CLANG_WARN_DOCUMENTATION_COMMENTS = YES;
				CLANG_WARN_EMPTY_BODY = YES;
				CLANG_WARN_ENUM_CONVERSION = YES;
				CLANG_WARN_INFINITE_RECURSION = YES;
				CLANG_WARN_INT_CONVERSION = YES;
				CLANG_WARN_NON_LITERAL_NULL_CONVERSION = YES;
				CLANG_WARN_OBJC_IMPLICIT_RETAIN_SELF = YES;
				CLANG_WARN_OBJC_LITERAL_CONVERSION = YES;
				CLANG_WARN_OBJC_ROOT_CLASS = YES_ERROR;
				CLANG_WARN_RANGE_LOOP_ANALYSIS = YES;
				CLANG_WARN_STRICT_PROTOTYPES = YES;
				CLANG_WARN_SUSPICIOUS_MOVE = YES;
				CLANG_WARN_UNGUARDED_AVAILABILITY = YES_AGGRESSIVE;
				CLANG_WARN_UNREACHABLE_CODE = YES;
				CLANG_WARN__DUPLICATE_METHOD_MATCH = YES;
				CODE_SIGN_IDENTITY = "iPhone Developer";
				COPY_PHASE_STRIP = NO;
				CURRENT_PROJECT_VERSION = 1;
				DEBUG_INFORMATION_FORMAT = "dwarf-with-dsym";
				ENABLE_NS_ASSERTIONS = NO;
				ENABLE_STRICT_OBJC_MSGSEND = YES;
				GCC_C_LANGUAGE_STANDARD = gnu11;
				GCC_NO_COMMON_BLOCKS = YES;
				GCC_WARN_64_TO_32_BIT_CONVERSION = YES;
				GCC_WARN_ABOUT_RETURN_TYPE = YES_ERROR;
				GCC_WARN_UNDECLARED_SELECTOR = YES;
				GCC_WARN_UNINITIALIZED_AUTOS = YES_AGGRESSIVE;
				GCC_WARN_UNUSED_FUNCTION = YES;
				GCC_WARN_UNUSED_VARIABLE = YES;
				IPHONEOS_DEPLOYMENT_TARGET = 12.0;
				MTL_ENABLE_DEBUG_INFO = NO;
				SDKROOT = iphoneos;
				SWIFT_COMPILATION_MODE = wholemodule;
				SWIFT_OPTIMIZATION_LEVEL = "-O";
				VALIDATE_PRODUCT = YES;
				VERSIONING_SYSTEM = "apple-generic";
				VERSION_INFO_PREFIX = "";
			};
			name = Release;
		};
		A40583D620DFE064005F960A /* Debug */ = {
			isa = XCBuildConfiguration;
			buildSettings = {
				CLANG_ENABLE_MODULES = YES;
				CODE_SIGN_IDENTITY = "";
				CODE_SIGN_STYLE = Automatic;
				DEFINES_MODULE = YES;
				DEVELOPMENT_TEAM = GEB5JS2XFG;
				DYLIB_COMPATIBILITY_VERSION = 1;
				DYLIB_CURRENT_VERSION = 1;
				DYLIB_INSTALL_NAME_BASE = "@rpath";
				FRAMEWORK_SEARCH_PATHS = "$(PROJECT_DIR)/Carthage/Build/iOS";
				INFOPLIST_FILE = HTTPConnectable/Info.plist;
				INSTALL_PATH = "$(LOCAL_LIBRARY_DIR)/Frameworks";
				LD_RUNPATH_SEARCH_PATHS = (
					"$(inherited)",
					"@executable_path/Frameworks",
					"@loader_path/Frameworks",
				);
				PRODUCT_BUNDLE_IDENTIFIER = com.rccbox.HTTPConnectable;
				PRODUCT_NAME = "$(TARGET_NAME:c99extidentifier)";
				SKIP_INSTALL = YES;
				SWIFT_OPTIMIZATION_LEVEL = "-Onone";
				SWIFT_VERSION = 4.2;
				TARGETED_DEVICE_FAMILY = "1,2";
			};
			name = Debug;
		};
		A40583D720DFE064005F960A /* Release */ = {
			isa = XCBuildConfiguration;
			buildSettings = {
				CLANG_ENABLE_MODULES = YES;
				CODE_SIGN_IDENTITY = "";
				CODE_SIGN_STYLE = Automatic;
				DEFINES_MODULE = YES;
				DEVELOPMENT_TEAM = GEB5JS2XFG;
				DYLIB_COMPATIBILITY_VERSION = 1;
				DYLIB_CURRENT_VERSION = 1;
				DYLIB_INSTALL_NAME_BASE = "@rpath";
				FRAMEWORK_SEARCH_PATHS = "$(PROJECT_DIR)/Carthage/Build/iOS";
				INFOPLIST_FILE = HTTPConnectable/Info.plist;
				INSTALL_PATH = "$(LOCAL_LIBRARY_DIR)/Frameworks";
				LD_RUNPATH_SEARCH_PATHS = (
					"$(inherited)",
					"@executable_path/Frameworks",
					"@loader_path/Frameworks",
				);
				PRODUCT_BUNDLE_IDENTIFIER = com.rccbox.HTTPConnectable;
				PRODUCT_NAME = "$(TARGET_NAME:c99extidentifier)";
				SKIP_INSTALL = YES;
				SWIFT_VERSION = 4.2;
				TARGETED_DEVICE_FAMILY = "1,2";
			};
			name = Release;
		};
		A40583D920DFE064005F960A /* Debug */ = {
			isa = XCBuildConfiguration;
			buildSettings = {
				ALWAYS_EMBED_SWIFT_STANDARD_LIBRARIES = YES;
				CODE_SIGN_STYLE = Automatic;
				DEVELOPMENT_TEAM = GEB5JS2XFG;
				INFOPLIST_FILE = HTTPConnectableTests/Info.plist;
				LD_RUNPATH_SEARCH_PATHS = (
					"$(inherited)",
					"@executable_path/Frameworks",
					"@loader_path/Frameworks",
				);
				PRODUCT_BUNDLE_IDENTIFIER = com.rccbox.HTTPConnectableTests;
				PRODUCT_NAME = "$(TARGET_NAME)";
				SWIFT_VERSION = 4.2;
				TARGETED_DEVICE_FAMILY = "1,2";
			};
			name = Debug;
		};
		A40583DA20DFE064005F960A /* Release */ = {
			isa = XCBuildConfiguration;
			buildSettings = {
				ALWAYS_EMBED_SWIFT_STANDARD_LIBRARIES = YES;
				CODE_SIGN_STYLE = Automatic;
				DEVELOPMENT_TEAM = GEB5JS2XFG;
				INFOPLIST_FILE = HTTPConnectableTests/Info.plist;
				LD_RUNPATH_SEARCH_PATHS = (
					"$(inherited)",
					"@executable_path/Frameworks",
					"@loader_path/Frameworks",
				);
				PRODUCT_BUNDLE_IDENTIFIER = com.rccbox.HTTPConnectableTests;
				PRODUCT_NAME = "$(TARGET_NAME)";
				SWIFT_VERSION = 4.2;
				TARGETED_DEVICE_FAMILY = "1,2";
			};
			name = Release;
		};
/* End XCBuildConfiguration section */

/* Begin XCConfigurationList section */
		A40583BB20DFE064005F960A /* Build configuration list for PBXProject "HTTPConnectable" */ = {
			isa = XCConfigurationList;
			buildConfigurations = (
				A40583D320DFE064005F960A /* Debug */,
				A40583D420DFE064005F960A /* Release */,
			);
			defaultConfigurationIsVisible = 0;
			defaultConfigurationName = Release;
		};
		A40583D520DFE064005F960A /* Build configuration list for PBXNativeTarget "HTTPConnectable" */ = {
			isa = XCConfigurationList;
			buildConfigurations = (
				A40583D620DFE064005F960A /* Debug */,
				A40583D720DFE064005F960A /* Release */,
			);
			defaultConfigurationIsVisible = 0;
			defaultConfigurationName = Release;
		};
		A40583D820DFE064005F960A /* Build configuration list for PBXNativeTarget "HTTPConnectableTests" */ = {
			isa = XCConfigurationList;
			buildConfigurations = (
				A40583D920DFE064005F960A /* Debug */,
				A40583DA20DFE064005F960A /* Release */,
			);
			defaultConfigurationIsVisible = 0;
			defaultConfigurationName = Release;
		};
/* End XCConfigurationList section */
	};
	rootObject = A40583B820DFE064005F960A /* Project object */;
}
